// !$*UTF8*$!
{
	archiveVersion = 1;
	classes = {
	};
	objectVersion = 51;
	objects = {

/* Begin PBXBuildFile section */
		0C3CBE8BC507D6749F239134 /* Pods_FortnightlyTests.framework in Frameworks */ = {isa = PBXBuildFile; fileRef = 7064755B4DE8EB9035658743 /* Pods_FortnightlyTests.framework */; };
		2D4F85378F99F4C4FE5E1658 /* Pods_Fortnightly.framework in Frameworks */ = {isa = PBXBuildFile; fileRef = 7F140EDDE69AC6C0ADBDE17A /* Pods_Fortnightly.framework */; };
		6A1F9BFD26A22F1F00BB3ADA /* ListViewModel.swift in Sources */ = {isa = PBXBuildFile; fileRef = 6A1F9BFC26A22F1F00BB3ADA /* ListViewModel.swift */; };
		6A1F9C0126A22F3B00BB3ADA /* ViewModelProtocol.swift in Sources */ = {isa = PBXBuildFile; fileRef = 6A1F9C0026A22F3B00BB3ADA /* ViewModelProtocol.swift */; };
		6A1F9C2F26A2D8DC00BB3ADA /* ScreenAssembly.swift in Sources */ = {isa = PBXBuildFile; fileRef = 6A1F9C2E26A2D8DC00BB3ADA /* ScreenAssembly.swift */; };
		6A1F9C3626A2DCB800BB3ADA /* NewsCell.swift in Sources */ = {isa = PBXBuildFile; fileRef = 6A1F9C3426A2DCB800BB3ADA /* NewsCell.swift */; };
		6A1F9C3726A2DCB800BB3ADA /* NewsCell.xib in Resources */ = {isa = PBXBuildFile; fileRef = 6A1F9C3526A2DCB800BB3ADA /* NewsCell.xib */; };
		6A1F9C4026A2DF2500BB3ADA /* UITableView+Extensions.swift in Sources */ = {isa = PBXBuildFile; fileRef = 6A1F9C3F26A2DF2500BB3ADA /* UITableView+Extensions.swift */; };
		6A1F9C4626A2DF5500BB3ADA /* UITableViewCell+Extensions.swift in Sources */ = {isa = PBXBuildFile; fileRef = 6A1F9C4526A2DF5500BB3ADA /* UITableViewCell+Extensions.swift */; };
		6A1F9C4A26A2DFC100BB3ADA /* ViewError.swift in Sources */ = {isa = PBXBuildFile; fileRef = 6A1F9C4926A2DFC100BB3ADA /* ViewError.swift */; };
		6A1F9C4E26A2E33C00BB3ADA /* ListViewMapper.swift in Sources */ = {isa = PBXBuildFile; fileRef = 6A1F9C4D26A2E33C00BB3ADA /* ListViewMapper.swift */; };
		6A2FABCD26A1C5B6009BA29C /* AppDelegate.swift in Sources */ = {isa = PBXBuildFile; fileRef = 6A2FABCC26A1C5B6009BA29C /* AppDelegate.swift */; };
		6A2FABD126A1C5B6009BA29C /* ListViewController.swift in Sources */ = {isa = PBXBuildFile; fileRef = 6A2FABD026A1C5B6009BA29C /* ListViewController.swift */; };
		6A2FABD426A1C5B6009BA29C /* Main.storyboard in Resources */ = {isa = PBXBuildFile; fileRef = 6A2FABD226A1C5B6009BA29C /* Main.storyboard */; };
		6A2FABD626A1C5B6009BA29C /* Assets.xcassets in Resources */ = {isa = PBXBuildFile; fileRef = 6A2FABD526A1C5B6009BA29C /* Assets.xcassets */; };
		6A2FABD926A1C5B6009BA29C /* LaunchScreen.storyboard in Resources */ = {isa = PBXBuildFile; fileRef = 6A2FABD726A1C5B6009BA29C /* LaunchScreen.storyboard */; };
		6A2FABE426A1C5B7009BA29C /* FortnightlyTests.swift in Sources */ = {isa = PBXBuildFile; fileRef = 6A2FABE326A1C5B7009BA29C /* FortnightlyTests.swift */; };
		6A72EC8926A1F30C00CFAE64 /* ViewDataBinder.swift in Sources */ = {isa = PBXBuildFile; fileRef = 6A72EC8826A1F30C00CFAE64 /* ViewDataBinder.swift */; };
		6A72EC9326A1F38300CFAE64 /* ViewEventListener.swift in Sources */ = {isa = PBXBuildFile; fileRef = 6A72EC9226A1F38300CFAE64 /* ViewEventListener.swift */; };
		6AC2A2EF26A214EE002D1A53 /* Domain.framework in Frameworks */ = {isa = PBXBuildFile; fileRef = 6AC2A2EE26A214EE002D1A53 /* Domain.framework */; settings = {ATTRIBUTES = (Required, ); }; };
		6AC979F726A2180600490AF9 /* Core.framework in Frameworks */ = {isa = PBXBuildFile; fileRef = 6AC979F626A2180600490AF9 /* Core.framework */; settings = {ATTRIBUTES = (Required, ); }; };
/* End PBXBuildFile section */

/* Begin PBXContainerItemProxy section */
		6A2FABE026A1C5B7009BA29C /* PBXContainerItemProxy */ = {
			isa = PBXContainerItemProxy;
			containerPortal = 6A2FABC126A1C5B6009BA29C /* Project object */;
			proxyType = 1;
			remoteGlobalIDString = 6A2FABC826A1C5B6009BA29C;
			remoteInfo = Fortnightly;
		};
/* End PBXContainerItemProxy section */

/* Begin PBXFileReference section */
		241852CEF951D7230642E996 /* Pods-FortnightlyTests.debug.xcconfig */ = {isa = PBXFileReference; includeInIndex = 1; lastKnownFileType = text.xcconfig; name = "Pods-FortnightlyTests.debug.xcconfig"; path = "Target Support Files/Pods-FortnightlyTests/Pods-FortnightlyTests.debug.xcconfig"; sourceTree = "<group>"; };
		6A1F9BFC26A22F1F00BB3ADA /* ListViewModel.swift */ = {isa = PBXFileReference; lastKnownFileType = sourcecode.swift; path = ListViewModel.swift; sourceTree = "<group>"; };
		6A1F9C0026A22F3B00BB3ADA /* ViewModelProtocol.swift */ = {isa = PBXFileReference; lastKnownFileType = sourcecode.swift; path = ViewModelProtocol.swift; sourceTree = "<group>"; };
		6A1F9C2E26A2D8DC00BB3ADA /* ScreenAssembly.swift */ = {isa = PBXFileReference; lastKnownFileType = sourcecode.swift; path = ScreenAssembly.swift; sourceTree = "<group>"; };
		6A1F9C3426A2DCB800BB3ADA /* NewsCell.swift */ = {isa = PBXFileReference; lastKnownFileType = sourcecode.swift; path = NewsCell.swift; sourceTree = "<group>"; };
		6A1F9C3526A2DCB800BB3ADA /* NewsCell.xib */ = {isa = PBXFileReference; lastKnownFileType = file.xib; path = NewsCell.xib; sourceTree = "<group>"; };
		6A1F9C3F26A2DF2500BB3ADA /* UITableView+Extensions.swift */ = {isa = PBXFileReference; lastKnownFileType = sourcecode.swift; path = "UITableView+Extensions.swift"; sourceTree = "<group>"; };
		6A1F9C4526A2DF5500BB3ADA /* UITableViewCell+Extensions.swift */ = {isa = PBXFileReference; lastKnownFileType = sourcecode.swift; path = "UITableViewCell+Extensions.swift"; sourceTree = "<group>"; };
		6A1F9C4926A2DFC100BB3ADA /* ViewError.swift */ = {isa = PBXFileReference; lastKnownFileType = sourcecode.swift; path = ViewError.swift; sourceTree = "<group>"; };
		6A1F9C4D26A2E33C00BB3ADA /* ListViewMapper.swift */ = {isa = PBXFileReference; lastKnownFileType = sourcecode.swift; path = ListViewMapper.swift; sourceTree = "<group>"; };
		6A2FABC926A1C5B6009BA29C /* Fortnightly.app */ = {isa = PBXFileReference; explicitFileType = wrapper.application; includeInIndex = 0; path = Fortnightly.app; sourceTree = BUILT_PRODUCTS_DIR; };
		6A2FABCC26A1C5B6009BA29C /* AppDelegate.swift */ = {isa = PBXFileReference; lastKnownFileType = sourcecode.swift; path = AppDelegate.swift; sourceTree = "<group>"; };
		6A2FABD026A1C5B6009BA29C /* ListViewController.swift */ = {isa = PBXFileReference; lastKnownFileType = sourcecode.swift; path = ListViewController.swift; sourceTree = "<group>"; };
		6A2FABD326A1C5B6009BA29C /* Base */ = {isa = PBXFileReference; lastKnownFileType = file.storyboard; name = Base; path = Base.lproj/Main.storyboard; sourceTree = "<group>"; };
		6A2FABD526A1C5B6009BA29C /* Assets.xcassets */ = {isa = PBXFileReference; lastKnownFileType = folder.assetcatalog; path = Assets.xcassets; sourceTree = "<group>"; };
		6A2FABD826A1C5B6009BA29C /* Base */ = {isa = PBXFileReference; lastKnownFileType = file.storyboard; name = Base; path = Base.lproj/LaunchScreen.storyboard; sourceTree = "<group>"; };
		6A2FABDA26A1C5B6009BA29C /* Info.plist */ = {isa = PBXFileReference; lastKnownFileType = text.plist.xml; path = Info.plist; sourceTree = "<group>"; };
		6A2FABDF26A1C5B7009BA29C /* FortnightlyTests.xctest */ = {isa = PBXFileReference; explicitFileType = wrapper.cfbundle; includeInIndex = 0; path = FortnightlyTests.xctest; sourceTree = BUILT_PRODUCTS_DIR; };
		6A2FABE326A1C5B7009BA29C /* FortnightlyTests.swift */ = {isa = PBXFileReference; lastKnownFileType = sourcecode.swift; path = FortnightlyTests.swift; sourceTree = "<group>"; };
		6A2FABE526A1C5B7009BA29C /* Info.plist */ = {isa = PBXFileReference; lastKnownFileType = text.plist.xml; path = Info.plist; sourceTree = "<group>"; };
		6A72EC8826A1F30C00CFAE64 /* ViewDataBinder.swift */ = {isa = PBXFileReference; lastKnownFileType = sourcecode.swift; path = ViewDataBinder.swift; sourceTree = "<group>"; };
		6A72EC9226A1F38300CFAE64 /* ViewEventListener.swift */ = {isa = PBXFileReference; lastKnownFileType = sourcecode.swift; path = ViewEventListener.swift; sourceTree = "<group>"; };
		6AC2A2EE26A214EE002D1A53 /* Domain.framework */ = {isa = PBXFileReference; explicitFileType = wrapper.framework; path = Domain.framework; sourceTree = BUILT_PRODUCTS_DIR; };
		6AC979F626A2180600490AF9 /* Core.framework */ = {isa = PBXFileReference; explicitFileType = wrapper.framework; path = Core.framework; sourceTree = BUILT_PRODUCTS_DIR; };
		7064755B4DE8EB9035658743 /* Pods_FortnightlyTests.framework */ = {isa = PBXFileReference; explicitFileType = wrapper.framework; includeInIndex = 0; path = Pods_FortnightlyTests.framework; sourceTree = BUILT_PRODUCTS_DIR; };
		7F140EDDE69AC6C0ADBDE17A /* Pods_Fortnightly.framework */ = {isa = PBXFileReference; explicitFileType = wrapper.framework; includeInIndex = 0; path = Pods_Fortnightly.framework; sourceTree = BUILT_PRODUCTS_DIR; };
		A60A2B4C6A9C9124E4F5EC6E /* Pods-FortnightlyTests.release.xcconfig */ = {isa = PBXFileReference; includeInIndex = 1; lastKnownFileType = text.xcconfig; name = "Pods-FortnightlyTests.release.xcconfig"; path = "Target Support Files/Pods-FortnightlyTests/Pods-FortnightlyTests.release.xcconfig"; sourceTree = "<group>"; };
		CA18128BA41A0C04E7737FF4 /* Pods-Fortnightly.debug.xcconfig */ = {isa = PBXFileReference; includeInIndex = 1; lastKnownFileType = text.xcconfig; name = "Pods-Fortnightly.debug.xcconfig"; path = "Target Support Files/Pods-Fortnightly/Pods-Fortnightly.debug.xcconfig"; sourceTree = "<group>"; };
		FEC90C02BBD14EDBD033F08B /* Pods-Fortnightly.release.xcconfig */ = {isa = PBXFileReference; includeInIndex = 1; lastKnownFileType = text.xcconfig; name = "Pods-Fortnightly.release.xcconfig"; path = "Target Support Files/Pods-Fortnightly/Pods-Fortnightly.release.xcconfig"; sourceTree = "<group>"; };
/* End PBXFileReference section */

/* Begin PBXFrameworksBuildPhase section */
		6A2FABC626A1C5B6009BA29C /* Frameworks */ = {
			isa = PBXFrameworksBuildPhase;
			buildActionMask = 2147483647;
			files = (
				6AC979F726A2180600490AF9 /* Core.framework in Frameworks */,
				6AC2A2EF26A214EE002D1A53 /* Domain.framework in Frameworks */,
				2D4F85378F99F4C4FE5E1658 /* Pods_Fortnightly.framework in Frameworks */,
			);
			runOnlyForDeploymentPostprocessing = 0;
		};
		6A2FABDC26A1C5B7009BA29C /* Frameworks */ = {
			isa = PBXFrameworksBuildPhase;
			buildActionMask = 2147483647;
			files = (
				0C3CBE8BC507D6749F239134 /* Pods_FortnightlyTests.framework in Frameworks */,
			);
			runOnlyForDeploymentPostprocessing = 0;
		};
/* End PBXFrameworksBuildPhase section */

/* Begin PBXGroup section */
		688F40ECE706E1903649DDAC /* Frameworks */ = {
			isa = PBXGroup;
			children = (
				6AC979F626A2180600490AF9 /* Core.framework */,
				6AC2A2EE26A214EE002D1A53 /* Domain.framework */,
				7F140EDDE69AC6C0ADBDE17A /* Pods_Fortnightly.framework */,
				7064755B4DE8EB9035658743 /* Pods_FortnightlyTests.framework */,
			);
			name = Frameworks;
			sourceTree = "<group>";
		};
		6A1F9C2926A2D84000BB3ADA /* DI */ = {
			isa = PBXGroup;
			children = (
				6A1F9C2E26A2D8DC00BB3ADA /* ScreenAssembly.swift */,
			);
			path = DI;
			sourceTree = "<group>";
		};
		6A1F9C3226A2DC9D00BB3ADA /* View */ = {
			isa = PBXGroup;
			children = (
				6A1F9C3326A2DCA300BB3ADA /* NewsCell */,
			);
			path = View;
			sourceTree = "<group>";
		};
		6A1F9C3326A2DCA300BB3ADA /* NewsCell */ = {
			isa = PBXGroup;
			children = (
				6A1F9C3426A2DCB800BB3ADA /* NewsCell.swift */,
				6A1F9C3526A2DCB800BB3ADA /* NewsCell.xib */,
			);
			path = NewsCell;
			sourceTree = "<group>";
		};
		6A1F9C3E26A2DF0600BB3ADA /* Extensions */ = {
			isa = PBXGroup;
			children = (
				6A1F9C3F26A2DF2500BB3ADA /* UITableView+Extensions.swift */,
				6A1F9C4526A2DF5500BB3ADA /* UITableViewCell+Extensions.swift */,
			);
			path = Extensions;
			sourceTree = "<group>";
		};
		6A2FABC026A1C5B6009BA29C = {
			isa = PBXGroup;
			children = (
				6A2FABCB26A1C5B6009BA29C /* Fortnightly */,
				6A2FABE226A1C5B7009BA29C /* FortnightlyTests */,
				6A2FABCA26A1C5B6009BA29C /* Products */,
				9FCC74098B03BBFD4AA51439 /* Pods */,
				688F40ECE706E1903649DDAC /* Frameworks */,
			);
			sourceTree = "<group>";
		};
		6A2FABCA26A1C5B6009BA29C /* Products */ = {
			isa = PBXGroup;
			children = (
				6A2FABC926A1C5B6009BA29C /* Fortnightly.app */,
				6A2FABDF26A1C5B7009BA29C /* FortnightlyTests.xctest */,
			);
			name = Products;
			sourceTree = "<group>";
		};
		6A2FABCB26A1C5B6009BA29C /* Fortnightly */ = {
			isa = PBXGroup;
			children = (
				6A1F9C3E26A2DF0600BB3ADA /* Extensions */,
				6A72EC8726A1F2D500CFAE64 /* Common */,
				6A72EC8026A1F27C00CFAE64 /* Screens */,
				6A72EC7F26A1F25800CFAE64 /* Storyboards */,
				6A2FABCC26A1C5B6009BA29C /* AppDelegate.swift */,
				6A2FABD526A1C5B6009BA29C /* Assets.xcassets */,
				6A2FABDA26A1C5B6009BA29C /* Info.plist */,
			);
			path = Fortnightly;
			sourceTree = "<group>";
		};
		6A2FABE226A1C5B7009BA29C /* FortnightlyTests */ = {
			isa = PBXGroup;
			children = (
				6A2FABE326A1C5B7009BA29C /* FortnightlyTests.swift */,
				6A2FABE526A1C5B7009BA29C /* Info.plist */,
			);
			path = FortnightlyTests;
			sourceTree = "<group>";
		};
		6A72EC7F26A1F25800CFAE64 /* Storyboards */ = {
			isa = PBXGroup;
			children = (
				6A2FABD226A1C5B6009BA29C /* Main.storyboard */,
				6A2FABD726A1C5B6009BA29C /* LaunchScreen.storyboard */,
			);
			path = Storyboards;
			sourceTree = "<group>";
		};
		6A72EC8026A1F27C00CFAE64 /* Screens */ = {
			isa = PBXGroup;
			children = (
				6A1F9C2926A2D84000BB3ADA /* DI */,
				6A72EC8626A1F2B700CFAE64 /* Details */,
				6A72EC8526A1F2B300CFAE64 /* List */,
			);
			path = Screens;
			sourceTree = "<group>";
		};
		6A72EC8526A1F2B300CFAE64 /* List */ = {
			isa = PBXGroup;
			children = (
				6A1F9C3226A2DC9D00BB3ADA /* View */,
				6A2FABD026A1C5B6009BA29C /* ListViewController.swift */,
				6A1F9BFC26A22F1F00BB3ADA /* ListViewModel.swift */,
				6A1F9C4D26A2E33C00BB3ADA /* ListViewMapper.swift */,
			);
			path = List;
			sourceTree = "<group>";
		};
		6A72EC8626A1F2B700CFAE64 /* Details */ = {
			isa = PBXGroup;
			children = (
			);
			path = Details;
			sourceTree = "<group>";
		};
		6A72EC8726A1F2D500CFAE64 /* Common */ = {
			isa = PBXGroup;
			children = (
				6A72EC8826A1F30C00CFAE64 /* ViewDataBinder.swift */,
				6A72EC9226A1F38300CFAE64 /* ViewEventListener.swift */,
				6A1F9C0026A22F3B00BB3ADA /* ViewModelProtocol.swift */,
				6A1F9C4926A2DFC100BB3ADA /* ViewError.swift */,
			);
			path = Common;
			sourceTree = "<group>";
		};
		9FCC74098B03BBFD4AA51439 /* Pods */ = {
			isa = PBXGroup;
			children = (
				CA18128BA41A0C04E7737FF4 /* Pods-Fortnightly.debug.xcconfig */,
				FEC90C02BBD14EDBD033F08B /* Pods-Fortnightly.release.xcconfig */,
				241852CEF951D7230642E996 /* Pods-FortnightlyTests.debug.xcconfig */,
				A60A2B4C6A9C9124E4F5EC6E /* Pods-FortnightlyTests.release.xcconfig */,
			);
			path = Pods;
			sourceTree = "<group>";
		};
/* End PBXGroup section */

/* Begin PBXNativeTarget section */
		6A2FABC826A1C5B6009BA29C /* Fortnightly */ = {
			isa = PBXNativeTarget;
			buildConfigurationList = 6A2FABF326A1C5B7009BA29C /* Build configuration list for PBXNativeTarget "Fortnightly" */;
			buildPhases = (
				5D03D986FA5C5EDE6FAD723E /* [CP] Check Pods Manifest.lock */,
				6A2FABC526A1C5B6009BA29C /* Sources */,
				6A2FABC626A1C5B6009BA29C /* Frameworks */,
				6A2FABC726A1C5B6009BA29C /* Resources */,
				A075F35D688D311609A72700 /* [CP] Embed Pods Frameworks */,
			);
			buildRules = (
			);
			dependencies = (
			);
			name = Fortnightly;
			productName = Fortnightly;
			productReference = 6A2FABC926A1C5B6009BA29C /* Fortnightly.app */;
			productType = "com.apple.product-type.application";
		};
		6A2FABDE26A1C5B7009BA29C /* FortnightlyTests */ = {
			isa = PBXNativeTarget;
			buildConfigurationList = 6A2FABF626A1C5B7009BA29C /* Build configuration list for PBXNativeTarget "FortnightlyTests" */;
			buildPhases = (
				6C9AE0EEE20806DCD855F49F /* [CP] Check Pods Manifest.lock */,
				6A2FABDB26A1C5B7009BA29C /* Sources */,
				6A2FABDC26A1C5B7009BA29C /* Frameworks */,
				6A2FABDD26A1C5B7009BA29C /* Resources */,
				8655997B7D7C500DC68E5A2E /* [CP] Embed Pods Frameworks */,
			);
			buildRules = (
			);
			dependencies = (
				6A2FABE126A1C5B7009BA29C /* PBXTargetDependency */,
			);
			name = FortnightlyTests;
			productName = FortnightlyTests;
			productReference = 6A2FABDF26A1C5B7009BA29C /* FortnightlyTests.xctest */;
			productType = "com.apple.product-type.bundle.unit-test";
		};
/* End PBXNativeTarget section */

/* Begin PBXProject section */
		6A2FABC126A1C5B6009BA29C /* Project object */ = {
			isa = PBXProject;
			attributes = {
				LastSwiftUpdateCheck = 1240;
				LastUpgradeCheck = 1240;
				TargetAttributes = {
					6A2FABC826A1C5B6009BA29C = {
						CreatedOnToolsVersion = 12.4;
					};
					6A2FABDE26A1C5B7009BA29C = {
						CreatedOnToolsVersion = 12.4;
						TestTargetID = 6A2FABC826A1C5B6009BA29C;
					};
				};
			};
			buildConfigurationList = 6A2FABC426A1C5B6009BA29C /* Build configuration list for PBXProject "Fortnightly" */;
			compatibilityVersion = "Xcode 9.3";
			developmentRegion = en;
			hasScannedForEncodings = 0;
			knownRegions = (
				en,
				Base,
			);
			mainGroup = 6A2FABC026A1C5B6009BA29C;
			productRefGroup = 6A2FABCA26A1C5B6009BA29C /* Products */;
			projectDirPath = "";
			projectRoot = "";
			targets = (
				6A2FABC826A1C5B6009BA29C /* Fortnightly */,
				6A2FABDE26A1C5B7009BA29C /* FortnightlyTests */,
			);
		};
/* End PBXProject section */

/* Begin PBXResourcesBuildPhase section */
		6A2FABC726A1C5B6009BA29C /* Resources */ = {
			isa = PBXResourcesBuildPhase;
			buildActionMask = 2147483647;
			files = (
				6A2FABD926A1C5B6009BA29C /* LaunchScreen.storyboard in Resources */,
				6A2FABD626A1C5B6009BA29C /* Assets.xcassets in Resources */,
				6A1F9C3726A2DCB800BB3ADA /* NewsCell.xib in Resources */,
				6A2FABD426A1C5B6009BA29C /* Main.storyboard in Resources */,
			);
			runOnlyForDeploymentPostprocessing = 0;
		};
		6A2FABDD26A1C5B7009BA29C /* Resources */ = {
			isa = PBXResourcesBuildPhase;
			buildActionMask = 2147483647;
			files = (
			);
			runOnlyForDeploymentPostprocessing = 0;
		};
/* End PBXResourcesBuildPhase section */

/* Begin PBXShellScriptBuildPhase section */
		5D03D986FA5C5EDE6FAD723E /* [CP] Check Pods Manifest.lock */ = {
			isa = PBXShellScriptBuildPhase;
			buildActionMask = 2147483647;
			files = (
			);
			inputFileListPaths = (
			);
			inputPaths = (
				"${PODS_PODFILE_DIR_PATH}/Podfile.lock",
				"${PODS_ROOT}/Manifest.lock",
			);
			name = "[CP] Check Pods Manifest.lock";
			outputFileListPaths = (
			);
			outputPaths = (
				"$(DERIVED_FILE_DIR)/Pods-Fortnightly-checkManifestLockResult.txt",
			);
			runOnlyForDeploymentPostprocessing = 0;
			shellPath = /bin/sh;
			shellScript = "diff \"${PODS_PODFILE_DIR_PATH}/Podfile.lock\" \"${PODS_ROOT}/Manifest.lock\" > /dev/null\nif [ $? != 0 ] ; then\n    # print error to STDERR\n    echo \"error: The sandbox is not in sync with the Podfile.lock. Run 'pod install' or update your CocoaPods installation.\" >&2\n    exit 1\nfi\n# This output is used by Xcode 'outputs' to avoid re-running this script phase.\necho \"SUCCESS\" > \"${SCRIPT_OUTPUT_FILE_0}\"\n";
			showEnvVarsInLog = 0;
		};
		6C9AE0EEE20806DCD855F49F /* [CP] Check Pods Manifest.lock */ = {
			isa = PBXShellScriptBuildPhase;
			buildActionMask = 2147483647;
			files = (
			);
			inputFileListPaths = (
			);
			inputPaths = (
				"${PODS_PODFILE_DIR_PATH}/Podfile.lock",
				"${PODS_ROOT}/Manifest.lock",
			);
			name = "[CP] Check Pods Manifest.lock";
			outputFileListPaths = (
			);
			outputPaths = (
				"$(DERIVED_FILE_DIR)/Pods-FortnightlyTests-checkManifestLockResult.txt",
			);
			runOnlyForDeploymentPostprocessing = 0;
			shellPath = /bin/sh;
			shellScript = "diff \"${PODS_PODFILE_DIR_PATH}/Podfile.lock\" \"${PODS_ROOT}/Manifest.lock\" > /dev/null\nif [ $? != 0 ] ; then\n    # print error to STDERR\n    echo \"error: The sandbox is not in sync with the Podfile.lock. Run 'pod install' or update your CocoaPods installation.\" >&2\n    exit 1\nfi\n# This output is used by Xcode 'outputs' to avoid re-running this script phase.\necho \"SUCCESS\" > \"${SCRIPT_OUTPUT_FILE_0}\"\n";
			showEnvVarsInLog = 0;
		};
		8655997B7D7C500DC68E5A2E /* [CP] Embed Pods Frameworks */ = {
			isa = PBXShellScriptBuildPhase;
			buildActionMask = 2147483647;
			files = (
			);
			inputFileListPaths = (
				"${PODS_ROOT}/Target Support Files/Pods-FortnightlyTests/Pods-FortnightlyTests-frameworks-${CONFIGURATION}-input-files.xcfilelist",
			);
			name = "[CP] Embed Pods Frameworks";
			outputFileListPaths = (
				"${PODS_ROOT}/Target Support Files/Pods-FortnightlyTests/Pods-FortnightlyTests-frameworks-${CONFIGURATION}-output-files.xcfilelist",
			);
			runOnlyForDeploymentPostprocessing = 0;
			shellPath = /bin/sh;
			shellScript = "\"${PODS_ROOT}/Target Support Files/Pods-FortnightlyTests/Pods-FortnightlyTests-frameworks.sh\"\n";
			showEnvVarsInLog = 0;
		};
		A075F35D688D311609A72700 /* [CP] Embed Pods Frameworks */ = {
			isa = PBXShellScriptBuildPhase;
			buildActionMask = 2147483647;
			files = (
			);
			inputFileListPaths = (
				"${PODS_ROOT}/Target Support Files/Pods-Fortnightly/Pods-Fortnightly-frameworks-${CONFIGURATION}-input-files.xcfilelist",
			);
			name = "[CP] Embed Pods Frameworks";
			outputFileListPaths = (
				"${PODS_ROOT}/Target Support Files/Pods-Fortnightly/Pods-Fortnightly-frameworks-${CONFIGURATION}-output-files.xcfilelist",
			);
			runOnlyForDeploymentPostprocessing = 0;
			shellPath = /bin/sh;
			shellScript = "\"${PODS_ROOT}/Target Support Files/Pods-Fortnightly/Pods-Fortnightly-frameworks.sh\"\n";
			showEnvVarsInLog = 0;
		};
/* End PBXShellScriptBuildPhase section */

/* Begin PBXSourcesBuildPhase section */
		6A2FABC526A1C5B6009BA29C /* Sources */ = {
			isa = PBXSourcesBuildPhase;
			buildActionMask = 2147483647;
			files = (
				6A1F9C4026A2DF2500BB3ADA /* UITableView+Extensions.swift in Sources */,
				6A1F9BFD26A22F1F00BB3ADA /* ListViewModel.swift in Sources */,
				6A1F9C2F26A2D8DC00BB3ADA /* ScreenAssembly.swift in Sources */,
				6A1F9C4E26A2E33C00BB3ADA /* ListViewMapper.swift in Sources */,
				6A72EC8926A1F30C00CFAE64 /* ViewDataBinder.swift in Sources */,
				6A1F9C4A26A2DFC100BB3ADA /* ViewError.swift in Sources */,
				6A1F9C0126A22F3B00BB3ADA /* ViewModelProtocol.swift in Sources */,
				6A2FABD126A1C5B6009BA29C /* ListViewController.swift in Sources */,
				6A72EC9326A1F38300CFAE64 /* ViewEventListener.swift in Sources */,
				6A1F9C3626A2DCB800BB3ADA /* NewsCell.swift in Sources */,
				6A1F9C4626A2DF5500BB3ADA /* UITableViewCell+Extensions.swift in Sources */,
				6A2FABCD26A1C5B6009BA29C /* AppDelegate.swift in Sources */,
			);
			runOnlyForDeploymentPostprocessing = 0;
		};
		6A2FABDB26A1C5B7009BA29C /* Sources */ = {
			isa = PBXSourcesBuildPhase;
			buildActionMask = 2147483647;
			files = (
				6A2FABE426A1C5B7009BA29C /* FortnightlyTests.swift in Sources */,
			);
			runOnlyForDeploymentPostprocessing = 0;
		};
/* End PBXSourcesBuildPhase section */

/* Begin PBXTargetDependency section */
		6A2FABE126A1C5B7009BA29C /* PBXTargetDependency */ = {
			isa = PBXTargetDependency;
			target = 6A2FABC826A1C5B6009BA29C /* Fortnightly */;
			targetProxy = 6A2FABE026A1C5B7009BA29C /* PBXContainerItemProxy */;
		};
/* End PBXTargetDependency section */

/* Begin PBXVariantGroup section */
		6A2FABD226A1C5B6009BA29C /* Main.storyboard */ = {
			isa = PBXVariantGroup;
			children = (
				6A2FABD326A1C5B6009BA29C /* Base */,
			);
			name = Main.storyboard;
			sourceTree = "<group>";
		};
		6A2FABD726A1C5B6009BA29C /* LaunchScreen.storyboard */ = {
			isa = PBXVariantGroup;
			children = (
				6A2FABD826A1C5B6009BA29C /* Base */,
			);
			name = LaunchScreen.storyboard;
			sourceTree = "<group>";
		};
/* End PBXVariantGroup section */

/* Begin XCBuildConfiguration section */
		6A2FABF126A1C5B7009BA29C /* Debug */ = {
			isa = XCBuildConfiguration;
			buildSettings = {
				ALWAYS_SEARCH_USER_PATHS = NO;
				CLANG_ANALYZER_NONNULL = YES;
				CLANG_ANALYZER_NUMBER_OBJECT_CONVERSION = YES_AGGRESSIVE;
				CLANG_CXX_LANGUAGE_STANDARD = "gnu++14";
				CLANG_CXX_LIBRARY = "libc++";
				CLANG_ENABLE_MODULES = YES;
				CLANG_ENABLE_OBJC_ARC = YES;
				CLANG_ENABLE_OBJC_WEAK = YES;
				CLANG_WARN_BLOCK_CAPTURE_AUTORELEASING = YES;
				CLANG_WARN_BOOL_CONVERSION = YES;
				CLANG_WARN_COMMA = YES;
				CLANG_WARN_CONSTANT_CONVERSION = YES;
				CLANG_WARN_DEPRECATED_OBJC_IMPLEMENTATIONS = YES;
				CLANG_WARN_DIRECT_OBJC_ISA_USAGE = YES_ERROR;
				CLANG_WARN_DOCUMENTATION_COMMENTS = YES;
				CLANG_WARN_EMPTY_BODY = YES;
				CLANG_WARN_ENUM_CONVERSION = YES;
				CLANG_WARN_INFINITE_RECURSION = YES;
				CLANG_WARN_INT_CONVERSION = YES;
				CLANG_WARN_NON_LITERAL_NULL_CONVERSION = YES;
				CLANG_WARN_OBJC_IMPLICIT_RETAIN_SELF = YES;
				CLANG_WARN_OBJC_LITERAL_CONVERSION = YES;
				CLANG_WARN_OBJC_ROOT_CLASS = YES_ERROR;
				CLANG_WARN_QUOTED_INCLUDE_IN_FRAMEWORK_HEADER = YES;
				CLANG_WARN_RANGE_LOOP_ANALYSIS = YES;
				CLANG_WARN_STRICT_PROTOTYPES = YES;
				CLANG_WARN_SUSPICIOUS_MOVE = YES;
				CLANG_WARN_UNGUARDED_AVAILABILITY = YES_AGGRESSIVE;
				CLANG_WARN_UNREACHABLE_CODE = YES;
				CLANG_WARN__DUPLICATE_METHOD_MATCH = YES;
				COPY_PHASE_STRIP = NO;
				DEBUG_INFORMATION_FORMAT = dwarf;
				ENABLE_STRICT_OBJC_MSGSEND = YES;
				ENABLE_TESTABILITY = YES;
				GCC_C_LANGUAGE_STANDARD = gnu11;
				GCC_DYNAMIC_NO_PIC = NO;
				GCC_NO_COMMON_BLOCKS = YES;
				GCC_OPTIMIZATION_LEVEL = 0;
				GCC_PREPROCESSOR_DEFINITIONS = (
					"DEBUG=1",
					"$(inherited)",
				);
				GCC_WARN_64_TO_32_BIT_CONVERSION = YES;
				GCC_WARN_ABOUT_RETURN_TYPE = YES_ERROR;
				GCC_WARN_UNDECLARED_SELECTOR = YES;
				GCC_WARN_UNINITIALIZED_AUTOS = YES_AGGRESSIVE;
				GCC_WARN_UNUSED_FUNCTION = YES;
				GCC_WARN_UNUSED_VARIABLE = YES;
				IPHONEOS_DEPLOYMENT_TARGET = 13.0;
				MTL_ENABLE_DEBUG_INFO = INCLUDE_SOURCE;
				MTL_FAST_MATH = YES;
				ONLY_ACTIVE_ARCH = YES;
				SDKROOT = iphoneos;
				SWIFT_ACTIVE_COMPILATION_CONDITIONS = DEBUG;
				SWIFT_OPTIMIZATION_LEVEL = "-Onone";
			};
			name = Debug;
		};
		6A2FABF226A1C5B7009BA29C /* Release */ = {
			isa = XCBuildConfiguration;
			buildSettings = {
				ALWAYS_SEARCH_USER_PATHS = NO;
				CLANG_ANALYZER_NONNULL = YES;
				CLANG_ANALYZER_NUMBER_OBJECT_CONVERSION = YES_AGGRESSIVE;
				CLANG_CXX_LANGUAGE_STANDARD = "gnu++14";
				CLANG_CXX_LIBRARY = "libc++";
				CLANG_ENABLE_MODULES = YES;
				CLANG_ENABLE_OBJC_ARC = YES;
				CLANG_ENABLE_OBJC_WEAK = YES;
				CLANG_WARN_BLOCK_CAPTURE_AUTORELEASING = YES;
				CLANG_WARN_BOOL_CONVERSION = YES;
				CLANG_WARN_COMMA = YES;
				CLANG_WARN_CONSTANT_CONVERSION = YES;
				CLANG_WARN_DEPRECATED_OBJC_IMPLEMENTATIONS = YES;
				CLANG_WARN_DIRECT_OBJC_ISA_USAGE = YES_ERROR;
				CLANG_WARN_DOCUMENTATION_COMMENTS = YES;
				CLANG_WARN_EMPTY_BODY = YES;
				CLANG_WARN_ENUM_CONVERSION = YES;
				CLANG_WARN_INFINITE_RECURSION = YES;
				CLANG_WARN_INT_CONVERSION = YES;
				CLANG_WARN_NON_LITERAL_NULL_CONVERSION = YES;
				CLANG_WARN_OBJC_IMPLICIT_RETAIN_SELF = YES;
				CLANG_WARN_OBJC_LITERAL_CONVERSION = YES;
				CLANG_WARN_OBJC_ROOT_CLASS = YES_ERROR;
				CLANG_WARN_QUOTED_INCLUDE_IN_FRAMEWORK_HEADER = YES;
				CLANG_WARN_RANGE_LOOP_ANALYSIS = YES;
				CLANG_WARN_STRICT_PROTOTYPES = YES;
				CLANG_WARN_SUSPICIOUS_MOVE = YES;
				CLANG_WARN_UNGUARDED_AVAILABILITY = YES_AGGRESSIVE;
				CLANG_WARN_UNREACHABLE_CODE = YES;
				CLANG_WARN__DUPLICATE_METHOD_MATCH = YES;
				COPY_PHASE_STRIP = NO;
				DEBUG_INFORMATION_FORMAT = "dwarf-with-dsym";
				ENABLE_NS_ASSERTIONS = NO;
				ENABLE_STRICT_OBJC_MSGSEND = YES;
				GCC_C_LANGUAGE_STANDARD = gnu11;
				GCC_NO_COMMON_BLOCKS = YES;
				GCC_WARN_64_TO_32_BIT_CONVERSION = YES;
				GCC_WARN_ABOUT_RETURN_TYPE = YES_ERROR;
				GCC_WARN_UNDECLARED_SELECTOR = YES;
				GCC_WARN_UNINITIALIZED_AUTOS = YES_AGGRESSIVE;
				GCC_WARN_UNUSED_FUNCTION = YES;
				GCC_WARN_UNUSED_VARIABLE = YES;
				IPHONEOS_DEPLOYMENT_TARGET = 13.0;
				MTL_ENABLE_DEBUG_INFO = NO;
				MTL_FAST_MATH = YES;
				SDKROOT = iphoneos;
				SWIFT_COMPILATION_MODE = wholemodule;
				SWIFT_OPTIMIZATION_LEVEL = "-O";
				VALIDATE_PRODUCT = YES;
			};
			name = Release;
		};
		6A2FABF426A1C5B7009BA29C /* Debug */ = {
			isa = XCBuildConfiguration;
			baseConfigurationReference = CA18128BA41A0C04E7737FF4 /* Pods-Fortnightly.debug.xcconfig */;
			buildSettings = {
				ASSETCATALOG_COMPILER_APPICON_NAME = AppIcon;
				ASSETCATALOG_COMPILER_GLOBAL_ACCENT_COLOR_NAME = AccentColor;
				CODE_SIGN_STYLE = Automatic;
				DEVELOPMENT_TEAM = Y2ZER4CQ9S;
				INFOPLIST_FILE = Fortnightly/Info.plist;
				LD_RUNPATH_SEARCH_PATHS = (
					"$(inherited)",
					"@executable_path/Frameworks",
				);
				PRODUCT_BUNDLE_IDENTIFIER = com.kvajda.Fortnightly;
				PRODUCT_NAME = "$(TARGET_NAME)";
				SWIFT_VERSION = 5.0;
				TARGETED_DEVICE_FAMILY = 1;
			};
			name = Debug;
		};
		6A2FABF526A1C5B7009BA29C /* Release */ = {
			isa = XCBuildConfiguration;
			baseConfigurationReference = FEC90C02BBD14EDBD033F08B /* Pods-Fortnightly.release.xcconfig */;
			buildSettings = {
				ASSETCATALOG_COMPILER_APPICON_NAME = AppIcon;
				ASSETCATALOG_COMPILER_GLOBAL_ACCENT_COLOR_NAME = AccentColor;
				CODE_SIGN_STYLE = Automatic;
				DEVELOPMENT_TEAM = Y2ZER4CQ9S;
				INFOPLIST_FILE = Fortnightly/Info.plist;
				LD_RUNPATH_SEARCH_PATHS = (
					"$(inherited)",
					"@executable_path/Frameworks",
				);
				PRODUCT_BUNDLE_IDENTIFIER = com.kvajda.Fortnightly;
				PRODUCT_NAME = "$(TARGET_NAME)";
				SWIFT_VERSION = 5.0;
				TARGETED_DEVICE_FAMILY = 1;
			};
			name = Release;
		};
		6A2FABF726A1C5B7009BA29C /* Debug */ = {
			isa = XCBuildConfiguration;
			baseConfigurationReference = 241852CEF951D7230642E996 /* Pods-FortnightlyTests.debug.xcconfig */;
			buildSettings = {
				BUNDLE_LOADER = "$(TEST_HOST)";
				CODE_SIGN_STYLE = Automatic;
				DEVELOPMENT_TEAM = Y2ZER4CQ9S;
				INFOPLIST_FILE = FortnightlyTests/Info.plist;
				IPHONEOS_DEPLOYMENT_TARGET = 14.4;
				LD_RUNPATH_SEARCH_PATHS = (
					"$(inherited)",
					"@executable_path/Frameworks",
					"@loader_path/Frameworks",
				);
				PRODUCT_BUNDLE_IDENTIFIER = com.kvajda.FortnightlyTests;
				PRODUCT_NAME = "$(TARGET_NAME)";
				SWIFT_VERSION = 5.0;
				TARGETED_DEVICE_FAMILY = "1,2";
				TEST_HOST = "$(BUILT_PRODUCTS_DIR)/Fortnightly.app/Fortnightly";
			};
			name = Debug;
		};
		6A2FABF826A1C5B7009BA29C /* Release */ = {
			isa = XCBuildConfiguration;
			baseConfigurationReference = A60A2B4C6A9C9124E4F5EC6E /* Pods-FortnightlyTests.release.xcconfig */;
			buildSettings = {
				BUNDLE_LOADER = "$(TEST_HOST)";
				CODE_SIGN_STYLE = Automatic;
				DEVELOPMENT_TEAM = Y2ZER4CQ9S;
				INFOPLIST_FILE = FortnightlyTests/Info.plist;
				IPHONEOS_DEPLOYMENT_TARGET = 14.4;
				LD_RUNPATH_SEARCH_PATHS = (
					"$(inherited)",
					"@executable_path/Frameworks",
					"@loader_path/Frameworks",
				);
				PRODUCT_BUNDLE_IDENTIFIER = com.kvajda.FortnightlyTests;
				PRODUCT_NAME = "$(TARGET_NAME)";
				SWIFT_VERSION = 5.0;
				TARGETED_DEVICE_FAMILY = "1,2";
				TEST_HOST = "$(BUILT_PRODUCTS_DIR)/Fortnightly.app/Fortnightly";
			};
			name = Release;
		};
/* End XCBuildConfiguration section */

/* Begin XCConfigurationList section */
		6A2FABC426A1C5B6009BA29C /* Build configuration list for PBXProject "Fortnightly" */ = {
			isa = XCConfigurationList;
			buildConfigurations = (
				6A2FABF126A1C5B7009BA29C /* Debug */,
				6A2FABF226A1C5B7009BA29C /* Release */,
			);
			defaultConfigurationIsVisible = 0;
			defaultConfigurationName = Release;
		};
		6A2FABF326A1C5B7009BA29C /* Build configuration list for PBXNativeTarget "Fortnightly" */ = {
			isa = XCConfigurationList;
			buildConfigurations = (
				6A2FABF426A1C5B7009BA29C /* Debug */,
				6A2FABF526A1C5B7009BA29C /* Release */,
			);
			defaultConfigurationIsVisible = 0;
			defaultConfigurationName = Release;
		};
		6A2FABF626A1C5B7009BA29C /* Build configuration list for PBXNativeTarget "FortnightlyTests" */ = {
			isa = XCConfigurationList;
			buildConfigurations = (
				6A2FABF726A1C5B7009BA29C /* Debug */,
				6A2FABF826A1C5B7009BA29C /* Release */,
			);
			defaultConfigurationIsVisible = 0;
			defaultConfigurationName = Release;
		};
/* End XCConfigurationList section */
	};
	rootObject = 6A2FABC126A1C5B6009BA29C /* Project object */;
}
